
Microsoft Visual Studio Solution File, Format Version 12.00
# Visual Studio Version 17
VisualStudioVersion = 17.5.002.0
MinimumVisualStudioVersion = 10.0.40219.1
Project("{2150E333-8FDC-42A3-9474-1A3956D46DE8}") = "csharp-prep", "csharp-prep", "{B7A1EAC6-1B47-463F-AC59-63E5675CC7D1}"
EndProject
Project("{9A19103F-16F7-4668-BE54-9A1E7A4F7556}") = "Prep1", "csharp-prep\Prep1\Prep1.csproj", "{1C1359C6-04EE-4FA2-8E6C-6DF78BB8728C}"
EndProject
Project("{9A19103F-16F7-4668-BE54-9A1E7A4F7556}") = "Prep2", "csharp-prep\Prep2\Prep2.csproj", "{64CE5949-624C-4F16-B589-8FD0097501F6}"
EndProject
Project("{9A19103F-16F7-4668-BE54-9A1E7A4F7556}") = "Prep3", "csharp-prep\Prep3\Prep3.csproj", "{3235BD9E-E797-4715-9580-615D1479223B}"
EndProject
Project("{9A19103F-16F7-4668-BE54-9A1E7A4F7556}") = "Prep4", "csharp-prep\Prep4\Prep4.csproj", "{4BD5052A-776E-4463-A84E-B3538222EAD2}"
EndProject
Project("{9A19103F-16F7-4668-BE54-9A1E7A4F7556}") = "Prep5", "csharp-prep\Prep5\Prep5.csproj", "{A399B92C-E316-4415-AF22-9072A11E44B0}"
EndProject
Project("{2150E333-8FDC-42A3-9474-1A3956D46DE8}") = "final", "final", "{BDCDF833-55A2-4DD1-BDB9-51905DED6C19}"
EndProject
Project("{9A19103F-16F7-4668-BE54-9A1E7A4F7556}") = "FinalProject", "final\FinalProject\FinalProject.csproj", "{7D52844D-2347-4711-81F0-3D938D1D46DC}"
EndProject
Project("{9A19103F-16F7-4668-BE54-9A1E7A4F7556}") = "Foundation1", "final\Foundation1\Foundation1.csproj", "{AF49331A-5035-42E4-9F5A-2B137C9DBDAD}"
EndProject
Project("{9A19103F-16F7-4668-BE54-9A1E7A4F7556}") = "Foundation2", "final\Foundation2\Foundation2.csproj", "{4C8E613B-9FD8-496A-ADCF-7F6B19D62886}"
EndProject
Project("{9A19103F-16F7-4668-BE54-9A1E7A4F7556}") = "Foundation3", "final\Foundation3\Foundation3.csproj", "{B93D4B76-9D0C-434C-806C-3A6461ABDAAD}"
EndProject
Project("{9A19103F-16F7-4668-BE54-9A1E7A4F7556}") = "Foundation4", "final\Foundation4\Foundation4.csproj", "{D713B86D-CF68-45C6-9054-4A4136889E1C}"
EndProject
Project("{2150E333-8FDC-42A3-9474-1A3956D46DE8}") = "prepare", "prepare", "{EC44866D-FF91-43D8-9EAF-4571E710BA76}"
EndProject
Project("{9A19103F-16F7-4668-BE54-9A1E7A4F7556}") = "Learning02", "prepare\Learning02\Learning02.csproj", "{A16665BF-9511-46CB-9EDA-7B0D7E231370}"
EndProject
Project("{9A19103F-16F7-4668-BE54-9A1E7A4F7556}") = "Learning03", "prepare\Learning03\Learning03.csproj", "{45A340AC-2661-487C-B41D-0E8F2BA7953B}"
EndProject
Project("{9A19103F-16F7-4668-BE54-9A1E7A4F7556}") = "Learning04", "prepare\Learning04\Learning04.csproj", "{DF7A7178-9DFE-42E5-BC1F-1150A878C393}"
EndProject
Project("{9A19103F-16F7-4668-BE54-9A1E7A4F7556}") = "Learning05", "prepare\Learning05\Learning05.csproj", "{A76B97E4-6F5D-4E5A-AF15-CAA4D71AA167}"
EndProject
Project("{2150E333-8FDC-42A3-9474-1A3956D46DE8}") = "prove", "prove", "{05985AEB-5A17-41EE-B42C-333774AA7A4E}"
EndProject
Project("{9A19103F-16F7-4668-BE54-9A1E7A4F7556}") = "Develop02", "prove\Develop02\Develop02.csproj", "{0DE46A10-D0C9-4DE8-8CAA-0B280A654A95}"
EndProject
Project("{9A19103F-16F7-4668-BE54-9A1E7A4F7556}") = "Develop03", "prove\Develop03\Develop03.csproj", "{7B899798-EE53-406B-98A0-2874B1502E50}"
EndProject
Project("{9A19103F-16F7-4668-BE54-9A1E7A4F7556}") = "Develop04", "prove\Develop04\Develop04.csproj", "{1E49C543-19EC-41FA-AF51-549C474BF8BD}"
EndProject
Project("{9A19103F-16F7-4668-BE54-9A1E7A4F7556}") = "Develop05", "prove\Develop05\Develop05.csproj", "{8E694F3C-F376-4C93-8295-623038CFCB4F}"
EndProject
Project("{2150E333-8FDC-42A3-9474-1A3956D46DE8}") = "sandbox", "sandbox", "{6FEE9BB7-B392-404D-A253-0BF6B342BEAF}"
EndProject
Project("{9A19103F-16F7-4668-BE54-9A1E7A4F7556}") = "Sandbox", "sandbox\Sandbox\Sandbox.csproj", "{E1D1CFFB-E37F-4A1A-AEC0-3F41C191E203}"
EndProject
Global
	GlobalSection(SolutionConfigurationPlatforms) = preSolution
		Debug|Any CPU = Debug|Any CPU
		Release|Any CPU = Release|Any CPU
	EndGlobalSection
	GlobalSection(ProjectConfigurationPlatforms) = postSolution
		{1C1359C6-04EE-4FA2-8E6C-6DF78BB8728C}.Debug|Any CPU.ActiveCfg = Debug|Any CPU
		{1C1359C6-04EE-4FA2-8E6C-6DF78BB8728C}.Debug|Any CPU.Build.0 = Debug|Any CPU
		{1C1359C6-04EE-4FA2-8E6C-6DF78BB8728C}.Release|Any CPU.ActiveCfg = Release|Any CPU
		{1C1359C6-04EE-4FA2-8E6C-6DF78BB8728C}.Release|Any CPU.Build.0 = Release|Any CPU
		{64CE5949-624C-4F16-B589-8FD0097501F6}.Debug|Any CPU.ActiveCfg = Debug|Any CPU
		{64CE5949-624C-4F16-B589-8FD0097501F6}.Debug|Any CPU.Build.0 = Debug|Any CPU
		{64CE5949-624C-4F16-B589-8FD0097501F6}.Release|Any CPU.ActiveCfg = Release|Any CPU
		{64CE5949-624C-4F16-B589-8FD0097501F6}.Release|Any CPU.Build.0 = Release|Any CPU
		{3235BD9E-E797-4715-9580-615D1479223B}.Debug|Any CPU.ActiveCfg = Debug|Any CPU
		{3235BD9E-E797-4715-9580-615D1479223B}.Debug|Any CPU.Build.0 = Debug|Any CPU
		{3235BD9E-E797-4715-9580-615D1479223B}.Release|Any CPU.ActiveCfg = Release|Any CPU
		{3235BD9E-E797-4715-9580-615D1479223B}.Release|Any CPU.Build.0 = Release|Any CPU
		{4BD5052A-776E-4463-A84E-B3538222EAD2}.Debug|Any CPU.ActiveCfg = Debug|Any CPU
		{4BD5052A-776E-4463-A84E-B3538222EAD2}.Debug|Any CPU.Build.0 = Debug|Any CPU
		{4BD5052A-776E-4463-A84E-B3538222EAD2}.Release|Any CPU.ActiveCfg = Release|Any CPU
		{4BD5052A-776E-4463-A84E-B3538222EAD2}.Release|Any CPU.Build.0 = Release|Any CPU
		{A399B92C-E316-4415-AF22-9072A11E44B0}.Debug|Any CPU.ActiveCfg = Debug|Any CPU
		{A399B92C-E316-4415-AF22-9072A11E44B0}.Debug|Any CPU.Build.0 = Debug|Any CPU
		{A399B92C-E316-4415-AF22-9072A11E44B0}.Release|Any CPU.ActiveCfg = Release|Any CPU
		{A399B92C-E316-4415-AF22-9072A11E44B0}.Release|Any CPU.Build.0 = Release|Any CPU
		{7D52844D-2347-4711-81F0-3D938D1D46DC}.Debug|Any CPU.ActiveCfg = Debug|Any CPU
		{7D52844D-2347-4711-81F0-3D938D1D46DC}.Debug|Any CPU.Build.0 = Debug|Any CPU
		{7D52844D-2347-4711-81F0-3D938D1D46DC}.Release|Any CPU.ActiveCfg = Release|Any CPU
		{7D52844D-2347-4711-81F0-3D938D1D46DC}.Release|Any CPU.Build.0 = Release|Any CPU
		{AF49331A-5035-42E4-9F5A-2B137C9DBDAD}.Debug|Any CPU.ActiveCfg = Debug|Any CPU
		{AF49331A-5035-42E4-9F5A-2B137C9DBDAD}.Debug|Any CPU.Build.0 = Debug|Any CPU
		{AF49331A-5035-42E4-9F5A-2B137C9DBDAD}.Release|Any CPU.ActiveCfg = Release|Any CPU
		{AF49331A-5035-42E4-9F5A-2B137C9DBDAD}.Release|Any CPU.Build.0 = Release|Any CPU
		{4C8E613B-9FD8-496A-ADCF-7F6B19D62886}.Debug|Any CPU.ActiveCfg = Debug|Any CPU
		{4C8E613B-9FD8-496A-ADCF-7F6B19D62886}.Debug|Any CPU.Build.0 = Debug|Any CPU
		{4C8E613B-9FD8-496A-ADCF-7F6B19D62886}.Release|Any CPU.ActiveCfg = Release|Any CPU
		{4C8E613B-9FD8-496A-ADCF-7F6B19D62886}.Release|Any CPU.Build.0 = Release|Any CPU
		{B93D4B76-9D0C-434C-806C-3A6461ABDAAD}.Debug|Any CPU.ActiveCfg = Debug|Any CPU
		{B93D4B76-9D0C-434C-806C-3A6461ABDAAD}.Debug|Any CPU.Build.0 = Debug|Any CPU
		{B93D4B76-9D0C-434C-806C-3A6461ABDAAD}.Release|Any CPU.ActiveCfg = Release|Any CPU
		{B93D4B76-9D0C-434C-806C-3A6461ABDAAD}.Release|Any CPU.Build.0 = Release|Any CPU
		{D713B86D-CF68-45C6-9054-4A4136889E1C}.Debug|Any CPU.ActiveCfg = Debug|Any CPU
		{D713B86D-CF68-45C6-9054-4A4136889E1C}.Debug|Any CPU.Build.0 = Debug|Any CPU
		{D713B86D-CF68-45C6-9054-4A4136889E1C}.Release|Any CPU.ActiveCfg = Release|Any CPU
		{D713B86D-CF68-45C6-9054-4A4136889E1C}.Release|Any CPU.Build.0 = Release|Any CPU
		{A16665BF-9511-46CB-9EDA-7B0D7E231370}.Debug|Any CPU.ActiveCfg = Debug|Any CPU
		{A16665BF-9511-46CB-9EDA-7B0D7E231370}.Debug|Any CPU.Build.0 = Debug|Any CPU
		{A16665BF-9511-46CB-9EDA-7B0D7E231370}.Release|Any CPU.ActiveCfg = Release|Any CPU
		{A16665BF-9511-46CB-9EDA-7B0D7E231370}.Release|Any CPU.Build.0 = Release|Any CPU
		{45A340AC-2661-487C-B41D-0E8F2BA7953B}.Debug|Any CPU.ActiveCfg = Debug|Any CPU
		{45A340AC-2661-487C-B41D-0E8F2BA7953B}.Debug|Any CPU.Build.0 = Debug|Any CPU
		{45A340AC-2661-487C-B41D-0E8F2BA7953B}.Release|Any CPU.ActiveCfg = Release|Any CPU
		{45A340AC-2661-487C-B41D-0E8F2BA7953B}.Release|Any CPU.Build.0 = Release|Any CPU
		{DF7A7178-9DFE-42E5-BC1F-1150A878C393}.Debug|Any CPU.ActiveCfg = Debug|Any CPU
		{DF7A7178-9DFE-42E5-BC1F-1150A878C393}.Debug|Any CPU.Build.0 = Debug|Any CPU
		{DF7A7178-9DFE-42E5-BC1F-1150A878C393}.Release|Any CPU.ActiveCfg = Release|Any CPU
		{DF7A7178-9DFE-42E5-BC1F-1150A878C393}.Release|Any CPU.Build.0 = Release|Any CPU
		{A76B97E4-6F5D-4E5A-AF15-CAA4D71AA167}.Debug|Any CPU.ActiveCfg = Debug|Any CPU
		{A76B97E4-6F5D-4E5A-AF15-CAA4D71AA167}.Debug|Any CPU.Build.0 = Debug|Any CPU
		{A76B97E4-6F5D-4E5A-AF15-CAA4D71AA167}.Release|Any CPU.ActiveCfg = Release|Any CPU
		{A76B97E4-6F5D-4E5A-AF15-CAA4D71AA167}.Release|Any CPU.Build.0 = Release|Any CPU
		{0DE46A10-D0C9-4DE8-8CAA-0B280A654A95}.Debug|Any CPU.ActiveCfg = Debug|Any CPU
		{0DE46A10-D0C9-4DE8-8CAA-0B280A654A95}.Debug|Any CPU.Build.0 = Debug|Any CPU
		{0DE46A10-D0C9-4DE8-8CAA-0B280A654A95}.Release|Any CPU.ActiveCfg = Release|Any CPU
		{0DE46A10-D0C9-4DE8-8CAA-0B280A654A95}.Release|Any CPU.Build.0 = Release|Any CPU
		{7B899798-EE53-406B-98A0-2874B1502E50}.Debug|Any CPU.ActiveCfg = Debug|Any CPU
		{7B899798-EE53-406B-98A0-2874B1502E50}.Debug|Any CPU.Build.0 = Debug|Any CPU
		{7B899798-EE53-406B-98A0-2874B1502E50}.Release|Any CPU.ActiveCfg = Release|Any CPU
		{7B899798-EE53-406B-98A0-2874B1502E50}.Release|Any CPU.Build.0 = Release|Any CPU
		{1E49C543-19EC-41FA-AF51-549C474BF8BD}.Debug|Any CPU.ActiveCfg = Debug|Any CPU
		{1E49C543-19EC-41FA-AF51-549C474BF8BD}.Debug|Any CPU.Build.0 = Debug|Any CPU
		{1E49C543-19EC-41FA-AF51-549C474BF8BD}.Release|Any CPU.ActiveCfg = Release|Any CPU
		{1E49C543-19EC-41FA-AF51-549C474BF8BD}.Release|Any CPU.Build.0 = Release|Any CPU
		{8E694F3C-F376-4C93-8295-623038CFCB4F}.Debug|Any CPU.ActiveCfg = Debug|Any CPU
		{8E694F3C-F376-4C93-8295-623038CFCB4F}.Debug|Any CPU.Build.0 = Debug|Any CPU
		{8E694F3C-F376-4C93-8295-623038CFCB4F}.Release|Any CPU.ActiveCfg = Release|Any CPU
		{8E694F3C-F376-4C93-8295-623038CFCB4F}.Release|Any CPU.Build.0 = Release|Any CPU
		{E1D1CFFB-E37F-4A1A-AEC0-3F41C191E203}.Debug|Any CPU.ActiveCfg = Debug|Any CPU
		{E1D1CFFB-E37F-4A1A-AEC0-3F41C191E203}.Debug|Any CPU.Build.0 = Debug|Any CPU
		{E1D1CFFB-E37F-4A1A-AEC0-3F41C191E203}.Release|Any CPU.ActiveCfg = Release|Any CPU
		{E1D1CFFB-E37F-4A1A-AEC0-3F41C191E203}.Release|Any CPU.Build.0 = Release|Any CPU
	EndGlobalSection
	GlobalSection(SolutionProperties) = preSolution
		HideSolutionNode = FALSE
	EndGlobalSection
	GlobalSection(NestedProjects) = preSolution
		{1C1359C6-04EE-4FA2-8E6C-6DF78BB8728C} = {B7A1EAC6-1B47-463F-AC59-63E5675CC7D1}
		{64CE5949-624C-4F16-B589-8FD0097501F6} = {B7A1EAC6-1B47-463F-AC59-63E5675CC7D1}
		{3235BD9E-E797-4715-9580-615D1479223B} = {B7A1EAC6-1B47-463F-AC59-63E5675CC7D1}
		{4BD5052A-776E-4463-A84E-B3538222EAD2} = {B7A1EAC6-1B47-463F-AC59-63E5675CC7D1}
		{A399B92C-E316-4415-AF22-9072A11E44B0} = {B7A1EAC6-1B47-463F-AC59-63E5675CC7D1}
		{7D52844D-2347-4711-81F0-3D938D1D46DC} = {BDCDF833-55A2-4DD1-BDB9-51905DED6C19}
		{AF49331A-5035-42E4-9F5A-2B137C9DBDAD} = {BDCDF833-55A2-4DD1-BDB9-51905DED6C19}
		{4C8E613B-9FD8-496A-ADCF-7F6B19D62886} = {BDCDF833-55A2-4DD1-BDB9-51905DED6C19}
		{B93D4B76-9D0C-434C-806C-3A6461ABDAAD} = {BDCDF833-55A2-4DD1-BDB9-51905DED6C19}
		{D713B86D-CF68-45C6-9054-4A4136889E1C} = {BDCDF833-55A2-4DD1-BDB9-51905DED6C19}
		{A16665BF-9511-46CB-9EDA-7B0D7E231370} = {EC44866D-FF91-43D8-9EAF-4571E710BA76}
		{45A340AC-2661-487C-B41D-0E8F2BA7953B} = {EC44866D-FF91-43D8-9EAF-4571E710BA76}
		{DF7A7178-9DFE-42E5-BC1F-1150A878C393} = {EC44866D-FF91-43D8-9EAF-4571E710BA76}
		{A76B97E4-6F5D-4E5A-AF15-CAA4D71AA167} = {EC44866D-FF91-43D8-9EAF-4571E710BA76}
		{0DE46A10-D0C9-4DE8-8CAA-0B280A654A95} = {05985AEB-5A17-41EE-B42C-333774AA7A4E}
		{7B899798-EE53-406B-98A0-2874B1502E50} = {05985AEB-5A17-41EE-B42C-333774AA7A4E}
		{1E49C543-19EC-41FA-AF51-549C474BF8BD} = {05985AEB-5A17-41EE-B42C-333774AA7A4E}
		{8E694F3C-F376-4C93-8295-623038CFCB4F} = {05985AEB-5A17-41EE-B42C-333774AA7A4E}
		{E1D1CFFB-E37F-4A1A-AEC0-3F41C191E203} = {6FEE9BB7-B392-404D-A253-0BF6B342BEAF}
	EndGlobalSection
	GlobalSection(ExtensibilityGlobals) = postSolution
		SolutionGuid = {27770B68-DD01-464C-9DCE-4244A915963C}
	EndGlobalSection
EndGlobal
